
Microsoft Visual Studio Solution File, Format Version 12.00
# Visual Studio Version 16
VisualStudioVersion = 16.0.29728.190
MinimumVisualStudioVersion = 10.0.40219.1
Project("{FAE04EC0-301F-11D3-BF4B-00C04F79EFBC}") = "GUIA1_23082020PROGRA2", "GUIA1_23082020PROGRA2\GUIA1_23082020PROGRA2.csproj", "{B7798ADA-932D-4AB6-A7C0-80A944952F8E}"
EndProject
Global
	GlobalSection(SolutionConfigurationPlatforms) = preSolution
		Debug|Any CPU = Debug|Any CPU
		Release|Any CPU = Release|Any CPU
	EndGlobalSection
	GlobalSection(ProjectConfigurationPlatforms) = postSolution
		{B7798ADA-932D-4AB6-A7C0-80A944952F8E}.Debug|Any CPU.ActiveCfg = Debug|Any CPU
		{B7798ADA-932D-4AB6-A7C0-80A944952F8E}.Debug|Any CPU.Build.0 = Debug|Any CPU
		{B7798ADA-932D-4AB6-A7C0-80A944952F8E}.Release|Any CPU.ActiveCfg = Release|Any CPU
		{B7798ADA-932D-4AB6-A7C0-80A944952F8E}.Release|Any CPU.Build.0 = Release|Any CPU
	EndGlobalSection
	GlobalSection(SolutionProperties) = preSolution
		HideSolutionNode = FALSE
	EndGlobalSection
	GlobalSection(ExtensibilityGlobals) = postSolution
		SolutionGuid = {334E0ECB-8198-44D7-A064-C6FCBC8933D2}
	EndGlobalSection
EndGlobal
